
Microsoft Visual Studio Solution File, Format Version 12.00
# Visual Studio Version 17
VisualStudioVersion = 17.0.31903.59
MinimumVisualStudioVersion = 10.0.40219.1
Project("{FAE04EC0-301F-11D3-BF4B-00C04F79EFBC}") = "CSharpCompetitiveProgrammingConsoleApplication", "CSharpCompetitiveProgrammingConsoleApplication\CSharpCompetitiveProgrammingConsoleApplication.csproj", "{A2971E5A-F650-42CC-BBFC-8AAB28FF9879}"
EndProject
Project("{FAE04EC0-301F-11D3-BF4B-00C04F79EFBC}") = "HeapDataStructureAndproblems", "HeapDataStructureAndproblems\HeapDataStructureAndproblems.csproj", "{44397827-0671-4DCD-8B7F-0A99659EA196}"
EndProject
Project("{FAE04EC0-301F-11D3-BF4B-00C04F79EFBC}") = "Recursions", "Recursions\Recursions.csproj", "{5192D45E-7F85-427C-A7F2-4FDBD9F089BA}"
EndProject
Project("{FAE04EC0-301F-11D3-BF4B-00C04F79EFBC}") = "StackAndQueue", "StackAndQueue\StackAndQueue.csproj", "{883DD4AF-DAB6-416A-98A9-2A89DEF2075A}"
EndProject
Project("{FAE04EC0-301F-11D3-BF4B-00C04F79EFBC}") = "SlidingWindow", "SlidingWindow\SlidingWindow.csproj", "{B44A6AC3-39CE-4E0E-974B-D9B733B4B5B1}"
EndProject
Project("{FAE04EC0-301F-11D3-BF4B-00C04F79EFBC}") = "StringsAndItsVariants", "StringsAndItsVariants\StringsAndItsVariants.csproj", "{B2714102-0B97-4394-A586-DFC611649EE4}"
EndProject
Project("{FAE04EC0-301F-11D3-BF4B-00C04F79EFBC}") = "BinaryTree", "BinaryTree\BinaryTree.csproj", "{1E163666-335E-4B70-843D-17E491B863C1}"
EndProject
Project("{FAE04EC0-301F-11D3-BF4B-00C04F79EFBC}") = "Graph", "Graph\Graph.csproj", "{FECCDA95-8464-4CC8-9748-F0D31B791556}"
EndProject
Global
	GlobalSection(SolutionConfigurationPlatforms) = preSolution
		Debug|Any CPU = Debug|Any CPU
		Release|Any CPU = Release|Any CPU
	EndGlobalSection
	GlobalSection(SolutionProperties) = preSolution
		HideSolutionNode = FALSE
	EndGlobalSection
	GlobalSection(ProjectConfigurationPlatforms) = postSolution
		{A2971E5A-F650-42CC-BBFC-8AAB28FF9879}.Debug|Any CPU.ActiveCfg = Debug|Any CPU
		{A2971E5A-F650-42CC-BBFC-8AAB28FF9879}.Debug|Any CPU.Build.0 = Debug|Any CPU
		{A2971E5A-F650-42CC-BBFC-8AAB28FF9879}.Release|Any CPU.ActiveCfg = Release|Any CPU
		{A2971E5A-F650-42CC-BBFC-8AAB28FF9879}.Release|Any CPU.Build.0 = Release|Any CPU
		{44397827-0671-4DCD-8B7F-0A99659EA196}.Debug|Any CPU.ActiveCfg = Debug|Any CPU
		{44397827-0671-4DCD-8B7F-0A99659EA196}.Debug|Any CPU.Build.0 = Debug|Any CPU
		{44397827-0671-4DCD-8B7F-0A99659EA196}.Release|Any CPU.ActiveCfg = Release|Any CPU
		{44397827-0671-4DCD-8B7F-0A99659EA196}.Release|Any CPU.Build.0 = Release|Any CPU
		{5192D45E-7F85-427C-A7F2-4FDBD9F089BA}.Debug|Any CPU.ActiveCfg = Debug|Any CPU
		{5192D45E-7F85-427C-A7F2-4FDBD9F089BA}.Debug|Any CPU.Build.0 = Debug|Any CPU
		{5192D45E-7F85-427C-A7F2-4FDBD9F089BA}.Release|Any CPU.ActiveCfg = Release|Any CPU
		{5192D45E-7F85-427C-A7F2-4FDBD9F089BA}.Release|Any CPU.Build.0 = Release|Any CPU
		{883DD4AF-DAB6-416A-98A9-2A89DEF2075A}.Debug|Any CPU.ActiveCfg = Debug|Any CPU
		{883DD4AF-DAB6-416A-98A9-2A89DEF2075A}.Debug|Any CPU.Build.0 = Debug|Any CPU
		{883DD4AF-DAB6-416A-98A9-2A89DEF2075A}.Release|Any CPU.ActiveCfg = Release|Any CPU
		{883DD4AF-DAB6-416A-98A9-2A89DEF2075A}.Release|Any CPU.Build.0 = Release|Any CPU
		{B44A6AC3-39CE-4E0E-974B-D9B733B4B5B1}.Debug|Any CPU.ActiveCfg = Debug|Any CPU
		{B44A6AC3-39CE-4E0E-974B-D9B733B4B5B1}.Debug|Any CPU.Build.0 = Debug|Any CPU
		{B44A6AC3-39CE-4E0E-974B-D9B733B4B5B1}.Release|Any CPU.ActiveCfg = Release|Any CPU
		{B44A6AC3-39CE-4E0E-974B-D9B733B4B5B1}.Release|Any CPU.Build.0 = Release|Any CPU
		{B2714102-0B97-4394-A586-DFC611649EE4}.Debug|Any CPU.ActiveCfg = Debug|Any CPU
		{B2714102-0B97-4394-A586-DFC611649EE4}.Debug|Any CPU.Build.0 = Debug|Any CPU
		{B2714102-0B97-4394-A586-DFC611649EE4}.Release|Any CPU.ActiveCfg = Release|Any CPU
		{B2714102-0B97-4394-A586-DFC611649EE4}.Release|Any CPU.Build.0 = Release|Any CPU
		{1E163666-335E-4B70-843D-17E491B863C1}.Debug|Any CPU.ActiveCfg = Debug|Any CPU
		{1E163666-335E-4B70-843D-17E491B863C1}.Debug|Any CPU.Build.0 = Debug|Any CPU
		{1E163666-335E-4B70-843D-17E491B863C1}.Release|Any CPU.ActiveCfg = Release|Any CPU
		{1E163666-335E-4B70-843D-17E491B863C1}.Release|Any CPU.Build.0 = Release|Any CPU
		{FECCDA95-8464-4CC8-9748-F0D31B791556}.Debug|Any CPU.ActiveCfg = Debug|Any CPU
		{FECCDA95-8464-4CC8-9748-F0D31B791556}.Debug|Any CPU.Build.0 = Debug|Any CPU
		{FECCDA95-8464-4CC8-9748-F0D31B791556}.Release|Any CPU.ActiveCfg = Release|Any CPU
		{FECCDA95-8464-4CC8-9748-F0D31B791556}.Release|Any CPU.Build.0 = Release|Any CPU
	EndGlobalSection
EndGlobal
